// !$*UTF8*$!
{
	archiveVersion = 1;
	classes = {
	};
	objectVersion = 50;
	objects = {

/* Begin PBXBuildFile section */
		A40ED59A22D7B2B4004C3A8A /* AppDelegate.swift in Sources */ = {isa = PBXBuildFile; fileRef = A40ED59922D7B2B4004C3A8A /* AppDelegate.swift */; };
		A40ED59C22D7B2B4004C3A8A /* ViewController.swift in Sources */ = {isa = PBXBuildFile; fileRef = A40ED59B22D7B2B4004C3A8A /* ViewController.swift */; };
		A40ED59F22D7B2B4004C3A8A /* Main.storyboard in Resources */ = {isa = PBXBuildFile; fileRef = A40ED59D22D7B2B4004C3A8A /* Main.storyboard */; };
		A40ED5A222D7B2B4004C3A8A /* vacation_challenge.xcdatamodeld in Sources */ = {isa = PBXBuildFile; fileRef = A40ED5A022D7B2B4004C3A8A /* vacation_challenge.xcdatamodeld */; };
		A40ED5A422D7B2B5004C3A8A /* Assets.xcassets in Resources */ = {isa = PBXBuildFile; fileRef = A40ED5A322D7B2B5004C3A8A /* Assets.xcassets */; };
		A40ED5A722D7B2B5004C3A8A /* LaunchScreen.storyboard in Resources */ = {isa = PBXBuildFile; fileRef = A40ED5A522D7B2B5004C3A8A /* LaunchScreen.storyboard */; };
		A40ED5AF22D7B305004C3A8A /* Constants.swift in Sources */ = {isa = PBXBuildFile; fileRef = A40ED5AE22D7B305004C3A8A /* Constants.swift */; };
/* End PBXBuildFile section */

/* Begin PBXFileReference section */
		A40ED59622D7B2B4004C3A8A /* vacation-challenge.app */ = {isa = PBXFileReference; explicitFileType = wrapper.application; includeInIndex = 0; path = "vacation-challenge.app"; sourceTree = BUILT_PRODUCTS_DIR; };
		A40ED59922D7B2B4004C3A8A /* AppDelegate.swift */ = {isa = PBXFileReference; lastKnownFileType = sourcecode.swift; path = AppDelegate.swift; sourceTree = "<group>"; };
		A40ED59B22D7B2B4004C3A8A /* ViewController.swift */ = {isa = PBXFileReference; lastKnownFileType = sourcecode.swift; path = ViewController.swift; sourceTree = "<group>"; };
		A40ED59E22D7B2B4004C3A8A /* Base */ = {isa = PBXFileReference; lastKnownFileType = file.storyboard; name = Base; path = Base.lproj/Main.storyboard; sourceTree = "<group>"; };
		A40ED5A122D7B2B4004C3A8A /* vacation_challenge.xcdatamodel */ = {isa = PBXFileReference; lastKnownFileType = wrapper.xcdatamodel; path = vacation_challenge.xcdatamodel; sourceTree = "<group>"; };
		A40ED5A322D7B2B5004C3A8A /* Assets.xcassets */ = {isa = PBXFileReference; lastKnownFileType = folder.assetcatalog; path = Assets.xcassets; sourceTree = "<group>"; };
		A40ED5A622D7B2B5004C3A8A /* Base */ = {isa = PBXFileReference; lastKnownFileType = file.storyboard; name = Base; path = Base.lproj/LaunchScreen.storyboard; sourceTree = "<group>"; };
		A40ED5A822D7B2B5004C3A8A /* Info.plist */ = {isa = PBXFileReference; lastKnownFileType = text.plist.xml; path = Info.plist; sourceTree = "<group>"; };
		A40ED5AE22D7B305004C3A8A /* Constants.swift */ = {isa = PBXFileReference; lastKnownFileType = sourcecode.swift; path = Constants.swift; sourceTree = "<group>"; };
/* End PBXFileReference section */

/* Begin PBXFrameworksBuildPhase section */
		A40ED59322D7B2B4004C3A8A /* Frameworks */ = {
			isa = PBXFrameworksBuildPhase;
			buildActionMask = 2147483647;
			files = (
			);
			runOnlyForDeploymentPostprocessing = 0;
		};
/* End PBXFrameworksBuildPhase section */

/* Begin PBXGroup section */
		A40ED58D22D7B2B4004C3A8A = {
			isa = PBXGroup;
			children = (
				A40ED59822D7B2B4004C3A8A /* vacation-challenge */,
				A40ED59722D7B2B4004C3A8A /* Products */,
			);
			sourceTree = "<group>";
		};
		A40ED59722D7B2B4004C3A8A /* Products */ = {
			isa = PBXGroup;
			children = (
				A40ED59622D7B2B4004C3A8A /* vacation-challenge.app */,
			);
			name = Products;
			sourceTree = "<group>";
		};
		A40ED59822D7B2B4004C3A8A /* vacation-challenge */ = {
			isa = PBXGroup;
			children = (
				A40ED59922D7B2B4004C3A8A /* AppDelegate.swift */,
				A40ED59B22D7B2B4004C3A8A /* ViewController.swift */,
				A40ED59D22D7B2B4004C3A8A /* Main.storyboard */,
				A40ED5A322D7B2B5004C3A8A /* Assets.xcassets */,
				A40ED5A522D7B2B5004C3A8A /* LaunchScreen.storyboard */,
				A40ED5A822D7B2B5004C3A8A /* Info.plist */,
				A40ED5A022D7B2B4004C3A8A /* vacation_challenge.xcdatamodeld */,
				A40ED5AE22D7B305004C3A8A /* Constants.swift */,
			);
			path = "vacation-challenge";
			sourceTree = "<group>";
		};
/* End PBXGroup section */

/* Begin PBXNativeTarget section */
		A40ED59522D7B2B4004C3A8A /* vacation-challenge */ = {
			isa = PBXNativeTarget;
			buildConfigurationList = A40ED5AB22D7B2B5004C3A8A /* Build configuration list for PBXNativeTarget "vacation-challenge" */;
			buildPhases = (
				A40ED59222D7B2B4004C3A8A /* Sources */,
				A40ED59322D7B2B4004C3A8A /* Frameworks */,
				A40ED59422D7B2B4004C3A8A /* Resources */,
			);
			buildRules = (
			);
			dependencies = (
			);
			name = "vacation-challenge";
			productName = "vacation-challenge";
			productReference = A40ED59622D7B2B4004C3A8A /* vacation-challenge.app */;
			productType = "com.apple.product-type.application";
		};
/* End PBXNativeTarget section */

/* Begin PBXProject section */
		A40ED58E22D7B2B4004C3A8A /* Project object */ = {
			isa = PBXProject;
			attributes = {
				LastSwiftUpdateCheck = 1020;
				LastUpgradeCheck = 1020;
				ORGANIZATIONNAME = "Artur Carneiro";
				TargetAttributes = {
					A40ED59522D7B2B4004C3A8A = {
						CreatedOnToolsVersion = 10.2.1;
					};
				};
			};
			buildConfigurationList = A40ED59122D7B2B4004C3A8A /* Build configuration list for PBXProject "vacation-challenge" */;
			compatibilityVersion = "Xcode 9.3";
			developmentRegion = en;
			hasScannedForEncodings = 0;
			knownRegions = (
				en,
				Base,
			);
			mainGroup = A40ED58D22D7B2B4004C3A8A;
			productRefGroup = A40ED59722D7B2B4004C3A8A /* Products */;
			projectDirPath = "";
			projectRoot = "";
			targets = (
				A40ED59522D7B2B4004C3A8A /* vacation-challenge */,
			);
		};
/* End PBXProject section */

/* Begin PBXResourcesBuildPhase section */
		A40ED59422D7B2B4004C3A8A /* Resources */ = {
			isa = PBXResourcesBuildPhase;
			buildActionMask = 2147483647;
			files = (
				A40ED5A722D7B2B5004C3A8A /* LaunchScreen.storyboard in Resources */,
				A40ED5A422D7B2B5004C3A8A /* Assets.xcassets in Resources */,
				A40ED59F22D7B2B4004C3A8A /* Main.storyboard in Resources */,
			);
			runOnlyForDeploymentPostprocessing = 0;
		};
/* End PBXResourcesBuildPhase section */

/* Begin PBXSourcesBuildPhase section */
		A40ED59222D7B2B4004C3A8A /* Sources */ = {
			isa = PBXSourcesBuildPhase;
			buildActionMask = 2147483647;
			files = (
				A40ED59C22D7B2B4004C3A8A /* ViewController.swift in Sources */,
				A40ED5A222D7B2B4004C3A8A /* vacation_challenge.xcdatamodeld in Sources */,
				A40ED59A22D7B2B4004C3A8A /* AppDelegate.swift in Sources */,
				A40ED5AF22D7B305004C3A8A /* Constants.swift in Sources */,
			);
			runOnlyForDeploymentPostprocessing = 0;
		};
/* End PBXSourcesBuildPhase section */

/* Begin PBXVariantGroup section */
		A40ED59D22D7B2B4004C3A8A /* Main.storyboard */ = {
			isa = PBXVariantGroup;
			children = (
				A40ED59E22D7B2B4004C3A8A /* Base */,
			);
			name = Main.storyboard;
			sourceTree = "<group>";
		};
		A40ED5A522D7B2B5004C3A8A /* LaunchScreen.storyboard */ = {
			isa = PBXVariantGroup;
			children = (
				A40ED5A622D7B2B5004C3A8A /* Base */,
			);
			name = LaunchScreen.storyboard;
			sourceTree = "<group>";
		};
/* End PBXVariantGroup section */

/* Begin XCBuildConfiguration section */
		A40ED5A922D7B2B5004C3A8A /* Debug */ = {
			isa = XCBuildConfiguration;
			buildSettings = {
				ALWAYS_SEARCH_USER_PATHS = NO;
				CLANG_ANALYZER_NONNULL = YES;
				CLANG_ANALYZER_NUMBER_OBJECT_CONVERSION = YES_AGGRESSIVE;
				CLANG_CXX_LANGUAGE_STANDARD = "gnu++14";
				CLANG_CXX_LIBRARY = "libc++";
				CLANG_ENABLE_MODULES = YES;
				CLANG_ENABLE_OBJC_ARC = YES;
				CLANG_ENABLE_OBJC_WEAK = YES;
				CLANG_WARN_BLOCK_CAPTURE_AUTORELEASING = YES;
				CLANG_WARN_BOOL_CONVERSION = YES;
				CLANG_WARN_COMMA = YES;
				CLANG_WARN_CONSTANT_CONVERSION = YES;
				CLANG_WARN_DEPRECATED_OBJC_IMPLEMENTATIONS = YES;
				CLANG_WARN_DIRECT_OBJC_ISA_USAGE = YES_ERROR;
				CLANG_WARN_DOCUMENTATION_COMMENTS = YES;
				CLANG_WARN_EMPTY_BODY = YES;
				CLANG_WARN_ENUM_CONVERSION = YES;
				CLANG_WARN_INFINITE_RECURSION = YES;
				CLANG_WARN_INT_CONVERSION = YES;
				CLANG_WARN_NON_LITERAL_NULL_CONVERSION = YES;
				CLANG_WARN_OBJC_IMPLICIT_RETAIN_SELF = YES;
				CLANG_WARN_OBJC_LITERAL_CONVERSION = YES;
				CLANG_WARN_OBJC_ROOT_CLASS = YES_ERROR;
				CLANG_WARN_RANGE_LOOP_ANALYSIS = YES;
				CLANG_WARN_STRICT_PROTOTYPES = YES;
				CLANG_WARN_SUSPICIOUS_MOVE = YES;
				CLANG_WARN_UNGUARDED_AVAILABILITY = YES_AGGRESSIVE;
				CLANG_WARN_UNREACHABLE_CODE = YES;
				CLANG_WARN__DUPLICATE_METHOD_MATCH = YES;
				CODE_SIGN_IDENTITY = "iPhone Developer";
				COPY_PHASE_STRIP = NO;
				DEBUG_INFORMATION_FORMAT = dwarf;
				ENABLE_STRICT_OBJC_MSGSEND = YES;
				ENABLE_TESTABILITY = YES;
				GCC_C_LANGUAGE_STANDARD = gnu11;
				GCC_DYNAMIC_NO_PIC = NO;
				GCC_NO_COMMON_BLOCKS = YES;
				GCC_OPTIMIZATION_LEVEL = 0;
				GCC_PREPROCESSOR_DEFINITIONS = (
					"DEBUG=1",
					"$(inherited)",
				);
				GCC_WARN_64_TO_32_BIT_CONVERSION = YES;
				GCC_WARN_ABOUT_RETURN_TYPE = YES_ERROR;
				GCC_WARN_UNDECLARED_SELECTOR = YES;
				GCC_WARN_UNINITIALIZED_AUTOS = YES_AGGRESSIVE;
				GCC_WARN_UNUSED_FUNCTION = YES;
				GCC_WARN_UNUSED_VARIABLE = YES;
				IPHONEOS_DEPLOYMENT_TARGET = 12.2;
				MTL_ENABLE_DEBUG_INFO = INCLUDE_SOURCE;
				MTL_FAST_MATH = YES;
				ONLY_ACTIVE_ARCH = YES;
				SDKROOT = iphoneos;
				SWIFT_ACTIVE_COMPILATION_CONDITIONS = DEBUG;
				SWIFT_OPTIMIZATION_LEVEL = "-Onone";
			};
			name = Debug;
		};
		A40ED5AA22D7B2B5004C3A8A /* Release */ = {
			isa = XCBuildConfiguration;
			buildSettings = {
				ALWAYS_SEARCH_USER_PATHS = NO;
				CLANG_ANALYZER_NONNULL = YES;
				CLANG_ANALYZER_NUMBER_OBJECT_CONVERSION = YES_AGGRESSIVE;
				CLANG_CXX_LANGUAGE_STANDARD = "gnu++14";
				CLANG_CXX_LIBRARY = "libc++";
				CLANG_ENABLE_MODULES = YES;
				CLANG_ENABLE_OBJC_ARC = YES;
				CLANG_ENABLE_OBJC_WEAK = YES;
				CLANG_WARN_BLOCK_CAPTURE_AUTORELEASING = YES;
				CLANG_WARN_BOOL_CONVERSION = YES;
				CLANG_WARN_COMMA = YES;
				CLANG_WARN_CONSTANT_CONVERSION = YES;
				CLANG_WARN_DEPRECATED_OBJC_IMPLEMENTATIONS = YES;
				CLANG_WARN_DIRECT_OBJC_ISA_USAGE = YES_ERROR;
				CLANG_WARN_DOCUMENTATION_COMMENTS = YES;
				CLANG_WARN_EMPTY_BODY = YES;
				CLANG_WARN_ENUM_CONVERSION = YES;
				CLANG_WARN_INFINITE_RECURSION = YES;
				CLANG_WARN_INT_CONVERSION = YES;
				CLANG_WARN_NON_LITERAL_NULL_CONVERSION = YES;
				CLANG_WARN_OBJC_IMPLICIT_RETAIN_SELF = YES;
				CLANG_WARN_OBJC_LITERAL_CONVERSION = YES;
				CLANG_WARN_OBJC_ROOT_CLASS = YES_ERROR;
				CLANG_WARN_RANGE_LOOP_ANALYSIS = YES;
				CLANG_WARN_STRICT_PROTOTYPES = YES;
				CLANG_WARN_SUSPICIOUS_MOVE = YES;
				CLANG_WARN_UNGUARDED_AVAILABILITY = YES_AGGRESSIVE;
				CLANG_WARN_UNREACHABLE_CODE = YES;
				CLANG_WARN__DUPLICATE_METHOD_MATCH = YES;
				CODE_SIGN_IDENTITY = "iPhone Developer";
				COPY_PHASE_STRIP = NO;
				DEBUG_INFORMATION_FORMAT = "dwarf-with-dsym";
				ENABLE_NS_ASSERTIONS = NO;
				ENABLE_STRICT_OBJC_MSGSEND = YES;
				GCC_C_LANGUAGE_STANDARD = gnu11;
				GCC_NO_COMMON_BLOCKS = YES;
				GCC_WARN_64_TO_32_BIT_CONVERSION = YES;
				GCC_WARN_ABOUT_RETURN_TYPE = YES_ERROR;
				GCC_WARN_UNDECLARED_SELECTOR = YES;
				GCC_WARN_UNINITIALIZED_AUTOS = YES_AGGRESSIVE;
				GCC_WARN_UNUSED_FUNCTION = YES;
				GCC_WARN_UNUSED_VARIABLE = YES;
				IPHONEOS_DEPLOYMENT_TARGET = 12.2;
				MTL_ENABLE_DEBUG_INFO = NO;
				MTL_FAST_MATH = YES;
				SDKROOT = iphoneos;
				SWIFT_COMPILATION_MODE = wholemodule;
				SWIFT_OPTIMIZATION_LEVEL = "-O";
				VALIDATE_PRODUCT = YES;
			};
			name = Release;
		};
		A40ED5AC22D7B2B5004C3A8A /* Debug */ = {
			isa = XCBuildConfiguration;
			buildSettings = {
				ASSETCATALOG_COMPILER_APPICON_NAME = AppIcon;
				CODE_SIGN_STYLE = Automatic;
				DEVELOPMENT_TEAM = L76X5KFZD9;
				INFOPLIST_FILE = "vacation-challenge/Info.plist";
				LD_RUNPATH_SEARCH_PATHS = (
					"$(inherited)",
					"@executable_path/Frameworks",
				);
				PRODUCT_BUNDLE_IDENTIFIER = "com.example.vacation-challenge";
				PRODUCT_NAME = "$(TARGET_NAME)";
				SWIFT_VERSION = 5.0;
				TARGETED_DEVICE_FAMILY = "1,2";
			};
			name = Debug;
		};
		A40ED5AD22D7B2B5004C3A8A /* Release */ = {
			isa = XCBuildConfiguration;
			buildSettings = {
				ASSETCATALOG_COMPILER_APPICON_NAME = AppIcon;
				CODE_SIGN_STYLE = Automatic;
				DEVELOPMENT_TEAM = L76X5KFZD9;
				INFOPLIST_FILE = "vacation-challenge/Info.plist";
				LD_RUNPATH_SEARCH_PATHS = (
					"$(inherited)",
					"@executable_path/Frameworks",
				);
				PRODUCT_BUNDLE_IDENTIFIER = "com.example.vacation-challenge";
				PRODUCT_NAME = "$(TARGET_NAME)";
				SWIFT_VERSION = 5.0;
				TARGETED_DEVICE_FAMILY = "1,2";
			};
			name = Release;
		};
/* End XCBuildConfiguration section */

/* Begin XCConfigurationList section */
		A40ED59122D7B2B4004C3A8A /* Build configuration list for PBXProject "vacation-challenge" */ = {
			isa = XCConfigurationList;
			buildConfigurations = (
				A40ED5A922D7B2B5004C3A8A /* Debug */,
				A40ED5AA22D7B2B5004C3A8A /* Release */,
			);
			defaultConfigurationIsVisible = 0;
			defaultConfigurationName = Release;
		};
		A40ED5AB22D7B2B5004C3A8A /* Build configuration list for PBXNativeTarget "vacation-challenge" */ = {
			isa = XCConfigurationList;
			buildConfigurations = (
				A40ED5AC22D7B2B5004C3A8A /* Debug */,
				A40ED5AD22D7B2B5004C3A8A /* Release */,
			);
			defaultConfigurationIsVisible = 0;
			defaultConfigurationName = Release;
		};
/* End XCConfigurationList section */

/* Begin XCVersionGroup section */
		A40ED5A022D7B2B4004C3A8A /* vacation_challenge.xcdatamodeld */ = {
			isa = XCVersionGroup;
			children = (
				A40ED5A122D7B2B4004C3A8A /* vacation_challenge.xcdatamodel */,
			);
			currentVersion = A40ED5A122D7B2B4004C3A8A /* vacation_challenge.xcdatamodel */;
			path = vacation_challenge.xcdatamodeld;
			sourceTree = "<group>";
			versionGroupType = wrapper.xcdatamodel;
		};
/* End XCVersionGroup section */
	};
	rootObject = A40ED58E22D7B2B4004C3A8A /* Project object */;
}
