// !$*UTF8*$!
{
	archiveVersion = 1;
	classes = {
	};
	objectVersion = 50;
	objects = {

/* Begin PBXBuildFile section */
		A40BCDC724FADF2C002F53A0 /* RootViewController.swift in Sources */ = {isa = PBXBuildFile; fileRef = A40BCDC624FADF2C002F53A0 /* RootViewController.swift */; };
		A40BCDC924FADF54002F53A0 /* AutoLayoutPropertyWrapper.swift in Sources */ = {isa = PBXBuildFile; fileRef = A40BCDC824FADF54002F53A0 /* AutoLayoutPropertyWrapper.swift */; };
		A40BCDCE24FAF542002F53A0 /* RootPageViewController.swift in Sources */ = {isa = PBXBuildFile; fileRef = A40BCDCD24FAF542002F53A0 /* RootPageViewController.swift */; };
		A40BCDD024FB0272002F53A0 /* UIColor+Extensions.swift in Sources */ = {isa = PBXBuildFile; fileRef = A40BCDCF24FB0272002F53A0 /* UIColor+Extensions.swift */; };
		A40BCDD224FB05BE002F53A0 /* InboxViewController.swift in Sources */ = {isa = PBXBuildFile; fileRef = A40BCDD124FB05BE002F53A0 /* InboxViewController.swift */; };
		A40BCDD524FC2C3B002F53A0 /* InboxCollectionViewCell.swift in Sources */ = {isa = PBXBuildFile; fileRef = A40BCDD424FC2C3B002F53A0 /* InboxCollectionViewCell.swift */; };
		A40BE4F22523E0170013C09C /* ExternalURL.swift in Sources */ = {isa = PBXBuildFile; fileRef = A40BE4F12523E0170013C09C /* ExternalURL.swift */; };
		A4152CF925309EA500556D3A /* RecordButtonAnimation.swift in Sources */ = {isa = PBXBuildFile; fileRef = A4152CF825309EA500556D3A /* RecordButtonAnimation.swift */; };
		A4152CFD2530A0EA00556D3A /* RecordButtonShapeLayer.swift in Sources */ = {isa = PBXBuildFile; fileRef = A4152CFC2530A0EA00556D3A /* RecordButtonShapeLayer.swift */; };
		A419A2FD253393DC00BE5A1F /* MemoraLabel.swift in Sources */ = {isa = PBXBuildFile; fileRef = A419A2FC253393DC00BE5A1F /* MemoraLabel.swift */; };
		A419A3012533959600BE5A1F /* MemoraRecordButton.swift in Sources */ = {isa = PBXBuildFile; fileRef = A419A3002533959600BE5A1F /* MemoraRecordButton.swift */; };
		A419A3052533965C00BE5A1F /* MemoraButton.swift in Sources */ = {isa = PBXBuildFile; fileRef = A419A3042533965C00BE5A1F /* MemoraButton.swift */; };
		A41B419F253491D100AC11EE /* Localizable.strings in Resources */ = {isa = PBXBuildFile; fileRef = A41B41A1253491D100AC11EE /* Localizable.strings */; };
		A41B41B02534F4F200AC11EE /* Date+Extensions.swift in Sources */ = {isa = PBXBuildFile; fileRef = A41B41AF2534F4F200AC11EE /* Date+Extensions.swift */; };
		A41B41B42535018600AC11EE /* UserDefaultsAccess.swift in Sources */ = {isa = PBXBuildFile; fileRef = A41B41B32535018600AC11EE /* UserDefaultsAccess.swift */; };
		A43A5DB8243F918000E6FBBB /* RecordingController.swift in Sources */ = {isa = PBXBuildFile; fileRef = A43A5DB7243F918000E6FBBB /* RecordingController.swift */; };
		A44AEA13251E9D6C00352E21 /* SettingsViewController.swift in Sources */ = {isa = PBXBuildFile; fileRef = A44AEA12251E9D6C00352E21 /* SettingsViewController.swift */; };
		A453E261243E680D00D05C65 /* RecordingSessionSettings.swift in Sources */ = {isa = PBXBuildFile; fileRef = A453E260243E680D00D05C65 /* RecordingSessionSettings.swift */; };
		A4596AC22530CCBF00D1D034 /* MemoraTextField.swift in Sources */ = {isa = PBXBuildFile; fileRef = A4596AC12530CCBF00D1D034 /* MemoraTextField.swift */; };
		A468154E22D66BE200537D16 /* AppDelegate.swift in Sources */ = {isa = PBXBuildFile; fileRef = A468154D22D66BE200537D16 /* AppDelegate.swift */; };
		A468155622D66BE200537D16 /* shirkers_challenge.xcdatamodeld in Sources */ = {isa = PBXBuildFile; fileRef = A468155422D66BE200537D16 /* shirkers_challenge.xcdatamodeld */; };
		A468155822D66BE300537D16 /* Assets.xcassets in Resources */ = {isa = PBXBuildFile; fileRef = A468155722D66BE300537D16 /* Assets.xcassets */; };
		A468155B22D66BE300537D16 /* LaunchScreen.storyboard in Resources */ = {isa = PBXBuildFile; fileRef = A468155922D66BE300537D16 /* LaunchScreen.storyboard */; };
		A46B35E2252F4DEA00B6ECCF /* RecorderViewModel.swift in Sources */ = {isa = PBXBuildFile; fileRef = A46B35E1252F4DEA00B6ECCF /* RecorderViewModel.swift */; };
		A47C3C2F251CF3D1001C3A55 /* DesignSystem.swift in Sources */ = {isa = PBXBuildFile; fileRef = A47C3C2E251CF3D1001C3A55 /* DesignSystem.swift */; };
		A499E96A24FC3D0200290B16 /* ArchiveViewController.swift in Sources */ = {isa = PBXBuildFile; fileRef = A499E96924FC3D0200290B16 /* ArchiveViewController.swift */; };
		A499E96C24FC3DD000290B16 /* ArchiveTableViewCell.swift in Sources */ = {isa = PBXBuildFile; fileRef = A499E96B24FC3DD000290B16 /* ArchiveTableViewCell.swift */; };
		A4A241E3243FB50E0025DA3D /* OSLog+Extensions.swift in Sources */ = {isa = PBXBuildFile; fileRef = A4A241E2243FB50E0025DA3D /* OSLog+Extensions.swift */; };
		A4A241E5243FC1850025DA3D /* RecordingControllerError.swift in Sources */ = {isa = PBXBuildFile; fileRef = A4A241E4243FC1850025DA3D /* RecordingControllerError.swift */; };
		A4C49CC025240E0F0057507C /* MemoraNavigationViewController.swift in Sources */ = {isa = PBXBuildFile; fileRef = A4C49CBF25240E0F0057507C /* MemoraNavigationViewController.swift */; };
		A4CCA8A1252DFB3C0035676E /* RecorderViewController.swift in Sources */ = {isa = PBXBuildFile; fileRef = A4CCA8A0252DFB3C0035676E /* RecorderViewController.swift */; };
		A4D0E00C25056C1200B3B12D /* Recorder.swift in Sources */ = {isa = PBXBuildFile; fileRef = A4D0E00B25056C1200B3B12D /* Recorder.swift */; };
		A4D0E0242505706900B3B12D /* shirkers_challengeTests.swift in Sources */ = {isa = PBXBuildFile; fileRef = A4D0E0232505706900B3B12D /* shirkers_challengeTests.swift */; };
		A4D0E030250587EB00B3B12D /* CoreDataStack.swift in Sources */ = {isa = PBXBuildFile; fileRef = A4D0E02F250587EB00B3B12D /* CoreDataStack.swift */; };
		A4D0E03225058A6700B3B12D /* FileManager+Extensions.swift in Sources */ = {isa = PBXBuildFile; fileRef = A4D0E03125058A6700B3B12D /* FileManager+Extensions.swift */; };
		A4D0E0342507B8A400B3B12D /* PlayerComponentViewController.swift in Sources */ = {isa = PBXBuildFile; fileRef = A4D0E0332507B8A400B3B12D /* PlayerComponentViewController.swift */; };
		A4DB55AE2524D76300C9A3B2 /* UIFont+Extensions.swift in Sources */ = {isa = PBXBuildFile; fileRef = A4DB55AD2524D76300C9A3B2 /* UIFont+Extensions.swift */; };
		A4DB55B42524EA7E00C9A3B2 /* MemoraSlider.swift in Sources */ = {isa = PBXBuildFile; fileRef = A4DB55B32524EA7E00C9A3B2 /* MemoraSlider.swift */; };
		A4F80E14252B55720098919E /* InboxCollectionView.swift in Sources */ = {isa = PBXBuildFile; fileRef = A4F80E13252B55720098919E /* InboxCollectionView.swift */; };
/* End PBXBuildFile section */

/* Begin PBXContainerItemProxy section */
		A4D0E0262505706900B3B12D /* PBXContainerItemProxy */ = {
			isa = PBXContainerItemProxy;
			containerPortal = A468154222D66BE200537D16 /* Project object */;
			proxyType = 1;
			remoteGlobalIDString = A468154922D66BE200537D16;
			remoteInfo = "shirkers-challenge";
		};
/* End PBXContainerItemProxy section */

/* Begin PBXFileReference section */
		A40BCDC624FADF2C002F53A0 /* RootViewController.swift */ = {isa = PBXFileReference; lastKnownFileType = sourcecode.swift; path = RootViewController.swift; sourceTree = "<group>"; };
		A40BCDC824FADF54002F53A0 /* AutoLayoutPropertyWrapper.swift */ = {isa = PBXFileReference; lastKnownFileType = sourcecode.swift; path = AutoLayoutPropertyWrapper.swift; sourceTree = "<group>"; };
		A40BCDCD24FAF542002F53A0 /* RootPageViewController.swift */ = {isa = PBXFileReference; lastKnownFileType = sourcecode.swift; path = RootPageViewController.swift; sourceTree = "<group>"; };
		A40BCDCF24FB0272002F53A0 /* UIColor+Extensions.swift */ = {isa = PBXFileReference; lastKnownFileType = sourcecode.swift; path = "UIColor+Extensions.swift"; sourceTree = "<group>"; };
		A40BCDD124FB05BE002F53A0 /* InboxViewController.swift */ = {isa = PBXFileReference; lastKnownFileType = sourcecode.swift; path = InboxViewController.swift; sourceTree = "<group>"; };
		A40BCDD424FC2C3B002F53A0 /* InboxCollectionViewCell.swift */ = {isa = PBXFileReference; lastKnownFileType = sourcecode.swift; path = InboxCollectionViewCell.swift; sourceTree = "<group>"; };
		A40BE4F12523E0170013C09C /* ExternalURL.swift */ = {isa = PBXFileReference; lastKnownFileType = sourcecode.swift; path = ExternalURL.swift; sourceTree = "<group>"; };
		A4152CF825309EA500556D3A /* RecordButtonAnimation.swift */ = {isa = PBXFileReference; lastKnownFileType = sourcecode.swift; path = RecordButtonAnimation.swift; sourceTree = "<group>"; };
		A4152CFC2530A0EA00556D3A /* RecordButtonShapeLayer.swift */ = {isa = PBXFileReference; lastKnownFileType = sourcecode.swift; path = RecordButtonShapeLayer.swift; sourceTree = "<group>"; };
		A419A2FC253393DC00BE5A1F /* MemoraLabel.swift */ = {isa = PBXFileReference; lastKnownFileType = sourcecode.swift; path = MemoraLabel.swift; sourceTree = "<group>"; };
		A419A3002533959600BE5A1F /* MemoraRecordButton.swift */ = {isa = PBXFileReference; lastKnownFileType = sourcecode.swift; path = MemoraRecordButton.swift; sourceTree = "<group>"; };
		A419A3042533965C00BE5A1F /* MemoraButton.swift */ = {isa = PBXFileReference; lastKnownFileType = sourcecode.swift; path = MemoraButton.swift; sourceTree = "<group>"; };
		A41B41A0253491D100AC11EE /* en */ = {isa = PBXFileReference; lastKnownFileType = text.plist.strings; name = en; path = en.lproj/Localizable.strings; sourceTree = "<group>"; };
		A41B41A82534929100AC11EE /* pt-BR */ = {isa = PBXFileReference; lastKnownFileType = text.plist.strings; name = "pt-BR"; path = "pt-BR.lproj/Localizable.strings"; sourceTree = "<group>"; };
		A41B41AF2534F4F200AC11EE /* Date+Extensions.swift */ = {isa = PBXFileReference; lastKnownFileType = sourcecode.swift; path = "Date+Extensions.swift"; sourceTree = "<group>"; };
		A41B41B32535018600AC11EE /* UserDefaultsAccess.swift */ = {isa = PBXFileReference; lastKnownFileType = sourcecode.swift; path = UserDefaultsAccess.swift; sourceTree = "<group>"; };
		A43A5DB7243F918000E6FBBB /* RecordingController.swift */ = {isa = PBXFileReference; lastKnownFileType = sourcecode.swift; path = RecordingController.swift; sourceTree = "<group>"; };
		A44AEA12251E9D6C00352E21 /* SettingsViewController.swift */ = {isa = PBXFileReference; lastKnownFileType = sourcecode.swift; path = SettingsViewController.swift; sourceTree = "<group>"; };
		A453E260243E680D00D05C65 /* RecordingSessionSettings.swift */ = {isa = PBXFileReference; lastKnownFileType = sourcecode.swift; path = RecordingSessionSettings.swift; sourceTree = "<group>"; };
		A4596AC12530CCBF00D1D034 /* MemoraTextField.swift */ = {isa = PBXFileReference; lastKnownFileType = sourcecode.swift; path = MemoraTextField.swift; sourceTree = "<group>"; };
		A468154A22D66BE200537D16 /* shirkers-challenge.app */ = {isa = PBXFileReference; explicitFileType = wrapper.application; includeInIndex = 0; path = "shirkers-challenge.app"; sourceTree = BUILT_PRODUCTS_DIR; };
		A468154D22D66BE200537D16 /* AppDelegate.swift */ = {isa = PBXFileReference; lastKnownFileType = sourcecode.swift; path = AppDelegate.swift; sourceTree = "<group>"; };
		A468155522D66BE200537D16 /* shirkers_challenge.xcdatamodel */ = {isa = PBXFileReference; lastKnownFileType = wrapper.xcdatamodel; path = shirkers_challenge.xcdatamodel; sourceTree = "<group>"; };
		A468155722D66BE300537D16 /* Assets.xcassets */ = {isa = PBXFileReference; lastKnownFileType = folder.assetcatalog; path = Assets.xcassets; sourceTree = "<group>"; };
		A468155A22D66BE300537D16 /* Base */ = {isa = PBXFileReference; lastKnownFileType = file.storyboard; name = Base; path = Base.lproj/LaunchScreen.storyboard; sourceTree = "<group>"; };
		A468155C22D66BE300537D16 /* Info.plist */ = {isa = PBXFileReference; lastKnownFileType = text.plist.xml; path = Info.plist; sourceTree = "<group>"; };
		A46B35E1252F4DEA00B6ECCF /* RecorderViewModel.swift */ = {isa = PBXFileReference; lastKnownFileType = sourcecode.swift; path = RecorderViewModel.swift; sourceTree = "<group>"; };
		A47C3C2E251CF3D1001C3A55 /* DesignSystem.swift */ = {isa = PBXFileReference; lastKnownFileType = sourcecode.swift; path = DesignSystem.swift; sourceTree = "<group>"; };
		A499E96924FC3D0200290B16 /* ArchiveViewController.swift */ = {isa = PBXFileReference; lastKnownFileType = sourcecode.swift; path = ArchiveViewController.swift; sourceTree = "<group>"; };
		A499E96B24FC3DD000290B16 /* ArchiveTableViewCell.swift */ = {isa = PBXFileReference; lastKnownFileType = sourcecode.swift; path = ArchiveTableViewCell.swift; sourceTree = "<group>"; };
		A4A241E2243FB50E0025DA3D /* OSLog+Extensions.swift */ = {isa = PBXFileReference; lastKnownFileType = sourcecode.swift; path = "OSLog+Extensions.swift"; sourceTree = "<group>"; };
		A4A241E4243FC1850025DA3D /* RecordingControllerError.swift */ = {isa = PBXFileReference; lastKnownFileType = sourcecode.swift; path = RecordingControllerError.swift; sourceTree = "<group>"; };
		A4C49CBF25240E0F0057507C /* MemoraNavigationViewController.swift */ = {isa = PBXFileReference; lastKnownFileType = sourcecode.swift; path = MemoraNavigationViewController.swift; sourceTree = "<group>"; };
		A4CCA8A0252DFB3C0035676E /* RecorderViewController.swift */ = {isa = PBXFileReference; lastKnownFileType = sourcecode.swift; path = RecorderViewController.swift; sourceTree = "<group>"; };
		A4D0E00B25056C1200B3B12D /* Recorder.swift */ = {isa = PBXFileReference; lastKnownFileType = sourcecode.swift; path = Recorder.swift; sourceTree = "<group>"; };
		A4D0E0212505706800B3B12D /* shirkers-challengeTests.xctest */ = {isa = PBXFileReference; explicitFileType = wrapper.cfbundle; includeInIndex = 0; path = "shirkers-challengeTests.xctest"; sourceTree = BUILT_PRODUCTS_DIR; };
		A4D0E0232505706900B3B12D /* shirkers_challengeTests.swift */ = {isa = PBXFileReference; lastKnownFileType = sourcecode.swift; path = shirkers_challengeTests.swift; sourceTree = "<group>"; };
		A4D0E0252505706900B3B12D /* Info.plist */ = {isa = PBXFileReference; lastKnownFileType = text.plist.xml; path = Info.plist; sourceTree = "<group>"; };
		A4D0E02F250587EB00B3B12D /* CoreDataStack.swift */ = {isa = PBXFileReference; lastKnownFileType = sourcecode.swift; path = CoreDataStack.swift; sourceTree = "<group>"; };
		A4D0E03125058A6700B3B12D /* FileManager+Extensions.swift */ = {isa = PBXFileReference; lastKnownFileType = sourcecode.swift; path = "FileManager+Extensions.swift"; sourceTree = "<group>"; };
		A4D0E0332507B8A400B3B12D /* PlayerComponentViewController.swift */ = {isa = PBXFileReference; lastKnownFileType = sourcecode.swift; path = PlayerComponentViewController.swift; sourceTree = "<group>"; };
		A4DB55AD2524D76300C9A3B2 /* UIFont+Extensions.swift */ = {isa = PBXFileReference; lastKnownFileType = sourcecode.swift; path = "UIFont+Extensions.swift"; sourceTree = "<group>"; };
		A4DB55B32524EA7E00C9A3B2 /* MemoraSlider.swift */ = {isa = PBXFileReference; lastKnownFileType = sourcecode.swift; path = MemoraSlider.swift; sourceTree = "<group>"; };
		A4F80E13252B55720098919E /* InboxCollectionView.swift */ = {isa = PBXFileReference; lastKnownFileType = sourcecode.swift; path = InboxCollectionView.swift; sourceTree = "<group>"; };
/* End PBXFileReference section */

/* Begin PBXFrameworksBuildPhase section */
		A468154722D66BE200537D16 /* Frameworks */ = {
			isa = PBXFrameworksBuildPhase;
			buildActionMask = 2147483647;
			files = (
			);
			runOnlyForDeploymentPostprocessing = 0;
		};
		A4D0E01E2505706800B3B12D /* Frameworks */ = {
			isa = PBXFrameworksBuildPhase;
			buildActionMask = 2147483647;
			files = (
			);
			runOnlyForDeploymentPostprocessing = 0;
		};
/* End PBXFrameworksBuildPhase section */

/* Begin PBXGroup section */
		A40BCDC424FADE3C002F53A0 /* Resources */ = {
			isa = PBXGroup;
			children = (
				A41B41A1253491D100AC11EE /* Localizable.strings */,
				A468155722D66BE300537D16 /* Assets.xcassets */,
				A468155922D66BE300537D16 /* LaunchScreen.storyboard */,
				A468155C22D66BE300537D16 /* Info.plist */,
			);
			path = Resources;
			sourceTree = "<group>";
		};
		A40BCDC524FADEC4002F53A0 /* Extensions */ = {
			isa = PBXGroup;
			children = (
				A4A241E2243FB50E0025DA3D /* OSLog+Extensions.swift */,
				A40BCDCF24FB0272002F53A0 /* UIColor+Extensions.swift */,
				A4D0E03125058A6700B3B12D /* FileManager+Extensions.swift */,
				A4DB55AD2524D76300C9A3B2 /* UIFont+Extensions.swift */,
				A41B41AF2534F4F200AC11EE /* Date+Extensions.swift */,
			);
			path = Extensions;
			sourceTree = "<group>";
		};
		A40BE4F02523E0080013C09C /* Enums */ = {
			isa = PBXGroup;
			children = (
				A40BE4F12523E0170013C09C /* ExternalURL.swift */,
			);
			path = Enums;
			sourceTree = "<group>";
		};
		A40BE4F72523E1290013C09C /* Protocols */ = {
			isa = PBXGroup;
			children = (
			);
			path = Protocols;
			sourceTree = "<group>";
		};
		A4152CF725309E8C00556D3A /* Animations */ = {
			isa = PBXGroup;
			children = (
				A4152CF825309EA500556D3A /* RecordButtonAnimation.swift */,
				A4152CFC2530A0EA00556D3A /* RecordButtonShapeLayer.swift */,
			);
			path = Animations;
			sourceTree = "<group>";
		};
		A43A5DB9243F950700E6FBBB /* Recorder */ = {
			isa = PBXGroup;
			children = (
				A453E260243E680D00D05C65 /* RecordingSessionSettings.swift */,
				A43A5DB7243F918000E6FBBB /* RecordingController.swift */,
				A4A241E4243FC1850025DA3D /* RecordingControllerError.swift */,
				A4D0E00B25056C1200B3B12D /* Recorder.swift */,
			);
			path = Recorder;
			sourceTree = "<group>";
		};
		A443CADA25240B2300397E86 /* App */ = {
			isa = PBXGroup;
			children = (
				A468154D22D66BE200537D16 /* AppDelegate.swift */,
			);
			path = App;
			sourceTree = "<group>";
		};
		A443CADB25240B2C00397E86 /* Property Wrappers */ = {
			isa = PBXGroup;
			children = (
				A40BCDC824FADF54002F53A0 /* AutoLayoutPropertyWrapper.swift */,
				A41B41B32535018600AC11EE /* UserDefaultsAccess.swift */,
			);
			path = "Property Wrappers";
			sourceTree = "<group>";
		};
		A468154122D66BE200537D16 = {
			isa = PBXGroup;
			children = (
				A468154C22D66BE200537D16 /* shirkers-challenge */,
				A4D0E0222505706900B3B12D /* shirkers-challengeTests */,
				A468154B22D66BE200537D16 /* Products */,
			);
			sourceTree = "<group>";
		};
		A468154B22D66BE200537D16 /* Products */ = {
			isa = PBXGroup;
			children = (
				A468154A22D66BE200537D16 /* shirkers-challenge.app */,
				A4D0E0212505706800B3B12D /* shirkers-challengeTests.xctest */,
			);
			name = Products;
			sourceTree = "<group>";
		};
		A468154C22D66BE200537D16 /* shirkers-challenge */ = {
			isa = PBXGroup;
			children = (
				A443CADA25240B2300397E86 /* App */,
				A40BCDC424FADE3C002F53A0 /* Resources */,
				A443CADB25240B2C00397E86 /* Property Wrappers */,
				A40BE4F72523E1290013C09C /* Protocols */,
				A40BE4F02523E0080013C09C /* Enums */,
				A47C3C2D251CF3BB001C3A55 /* Design System */,
				A4D0E02D250587D000B3B12D /* Core Data */,
				A40BCDC524FADEC4002F53A0 /* Extensions */,
				A4152CF725309E8C00556D3A /* Animations */,
				A47D8174252C992400242592 /* Views */,
				A47D816A252C98A100242592 /* ViewControllers */,
				A47D816D252C98EE00242592 /* ViewModels */,
				A4CC531322E3BA500095C921 /* Models */,
				A43A5DB9243F950700E6FBBB /* Recorder */,
			);
			path = "shirkers-challenge";
			sourceTree = "<group>";
		};
		A47C3C2D251CF3BB001C3A55 /* Design System */ = {
			isa = PBXGroup;
			children = (
				A47C3C2E251CF3D1001C3A55 /* DesignSystem.swift */,
			);
			path = "Design System";
			sourceTree = "<group>";
		};
		A47D816A252C98A100242592 /* ViewControllers */ = {
			isa = PBXGroup;
			children = (
				A40BCDC624FADF2C002F53A0 /* RootViewController.swift */,
				A40BCDCD24FAF542002F53A0 /* RootPageViewController.swift */,
				A4C49CBF25240E0F0057507C /* MemoraNavigationViewController.swift */,
				A4D0E0332507B8A400B3B12D /* PlayerComponentViewController.swift */,
				A44AEA12251E9D6C00352E21 /* SettingsViewController.swift */,
				A499E96924FC3D0200290B16 /* ArchiveViewController.swift */,
				A40BCDD124FB05BE002F53A0 /* InboxViewController.swift */,
				A4CCA8A0252DFB3C0035676E /* RecorderViewController.swift */,
			);
			path = ViewControllers;
			sourceTree = "<group>";
		};
		A47D816D252C98EE00242592 /* ViewModels */ = {
			isa = PBXGroup;
			children = (
				A46B35E1252F4DEA00B6ECCF /* RecorderViewModel.swift */,
			);
			path = ViewModels;
			sourceTree = "<group>";
		};
		A47D8174252C992400242592 /* Views */ = {
			isa = PBXGroup;
			children = (
				A4D286BC25323F78005EF229 /* Cells */,
				A4DB55B32524EA7E00C9A3B2 /* MemoraSlider.swift */,
				A4F80E13252B55720098919E /* InboxCollectionView.swift */,
				A4596AC12530CCBF00D1D034 /* MemoraTextField.swift */,
				A419A2FC253393DC00BE5A1F /* MemoraLabel.swift */,
				A419A3002533959600BE5A1F /* MemoraRecordButton.swift */,
				A419A3042533965C00BE5A1F /* MemoraButton.swift */,
			);
			path = Views;
			sourceTree = "<group>";
		};
		A4CC531322E3BA500095C921 /* Models */ = {
			isa = PBXGroup;
			children = (
			);
			path = Models;
			sourceTree = "<group>";
		};
		A4D0E0222505706900B3B12D /* shirkers-challengeTests */ = {
			isa = PBXGroup;
			children = (
				A4D0E0232505706900B3B12D /* shirkers_challengeTests.swift */,
				A4D0E0252505706900B3B12D /* Info.plist */,
			);
			path = "shirkers-challengeTests";
			sourceTree = "<group>";
		};
		A4D0E02D250587D000B3B12D /* Core Data */ = {
			isa = PBXGroup;
			children = (
				A468155422D66BE200537D16 /* shirkers_challenge.xcdatamodeld */,
				A4D0E02F250587EB00B3B12D /* CoreDataStack.swift */,
			);
			path = "Core Data";
			sourceTree = "<group>";
		};
		A4D286BC25323F78005EF229 /* Cells */ = {
			isa = PBXGroup;
			children = (
				A499E96B24FC3DD000290B16 /* ArchiveTableViewCell.swift */,
				A40BCDD424FC2C3B002F53A0 /* InboxCollectionViewCell.swift */,
			);
			path = Cells;
			sourceTree = "<group>";
		};
/* End PBXGroup section */

/* Begin PBXNativeTarget section */
		A468154922D66BE200537D16 /* shirkers-challenge */ = {
			isa = PBXNativeTarget;
			buildConfigurationList = A468155F22D66BE300537D16 /* Build configuration list for PBXNativeTarget "shirkers-challenge" */;
			buildPhases = (
				A468154622D66BE200537D16 /* Sources */,
				A468154722D66BE200537D16 /* Frameworks */,
				A468154822D66BE200537D16 /* Resources */,
				A486C41824FADC4C0085BC58 /* Swiftlint */,
			);
			buildRules = (
			);
			dependencies = (
			);
			name = "shirkers-challenge";
			productName = "shirkers-challenge";
			productReference = A468154A22D66BE200537D16 /* shirkers-challenge.app */;
			productType = "com.apple.product-type.application";
		};
		A4D0E0202505706800B3B12D /* shirkers-challengeTests */ = {
			isa = PBXNativeTarget;
			buildConfigurationList = A4D0E0282505706900B3B12D /* Build configuration list for PBXNativeTarget "shirkers-challengeTests" */;
			buildPhases = (
				A4D0E01D2505706800B3B12D /* Sources */,
				A4D0E01E2505706800B3B12D /* Frameworks */,
				A4D0E01F2505706800B3B12D /* Resources */,
			);
			buildRules = (
			);
			dependencies = (
				A4D0E0272505706900B3B12D /* PBXTargetDependency */,
			);
			name = "shirkers-challengeTests";
			productName = "shirkers-challengeTests";
			productReference = A4D0E0212505706800B3B12D /* shirkers-challengeTests.xctest */;
			productType = "com.apple.product-type.bundle.unit-test";
		};
/* End PBXNativeTarget section */

/* Begin PBXProject section */
		A468154222D66BE200537D16 /* Project object */ = {
			isa = PBXProject;
			attributes = {
				LastSwiftUpdateCheck = 1150;
				LastUpgradeCheck = 1200;
				ORGANIZATIONNAME = "Artur Carneiro";
				TargetAttributes = {
					A468154922D66BE200537D16 = {
						CreatedOnToolsVersion = 10.2.1;
					};
					A4D0E0202505706800B3B12D = {
						CreatedOnToolsVersion = 11.5;
						TestTargetID = A468154922D66BE200537D16;
					};
				};
			};
			buildConfigurationList = A468154522D66BE200537D16 /* Build configuration list for PBXProject "shirkers-challenge" */;
			compatibilityVersion = "Xcode 9.3";
			developmentRegion = en;
			hasScannedForEncodings = 0;
			knownRegions = (
				en,
				Base,
				"pt-BR",
			);
			mainGroup = A468154122D66BE200537D16;
			productRefGroup = A468154B22D66BE200537D16 /* Products */;
			projectDirPath = "";
			projectRoot = "";
			targets = (
				A468154922D66BE200537D16 /* shirkers-challenge */,
				A4D0E0202505706800B3B12D /* shirkers-challengeTests */,
			);
		};
/* End PBXProject section */

/* Begin PBXResourcesBuildPhase section */
		A468154822D66BE200537D16 /* Resources */ = {
			isa = PBXResourcesBuildPhase;
			buildActionMask = 2147483647;
			files = (
				A468155B22D66BE300537D16 /* LaunchScreen.storyboard in Resources */,
				A41B419F253491D100AC11EE /* Localizable.strings in Resources */,
				A468155822D66BE300537D16 /* Assets.xcassets in Resources */,
			);
			runOnlyForDeploymentPostprocessing = 0;
		};
		A4D0E01F2505706800B3B12D /* Resources */ = {
			isa = PBXResourcesBuildPhase;
			buildActionMask = 2147483647;
			files = (
			);
			runOnlyForDeploymentPostprocessing = 0;
		};
/* End PBXResourcesBuildPhase section */

/* Begin PBXShellScriptBuildPhase section */
		A486C41824FADC4C0085BC58 /* Swiftlint */ = {
			isa = PBXShellScriptBuildPhase;
			buildActionMask = 2147483647;
			files = (
			);
			inputFileListPaths = (
			);
			inputPaths = (
			);
			name = Swiftlint;
			outputFileListPaths = (
			);
			outputPaths = (
			);
			runOnlyForDeploymentPostprocessing = 0;
			shellPath = /bin/sh;
			shellScript = "if which swiftlint >/dev/null; then\n  swiftlint\nelse\n  echo \"warning: SwiftLint not installed, download from https://github.com/realm/SwiftLint\"\nfi\n";
		};
/* End PBXShellScriptBuildPhase section */

/* Begin PBXSourcesBuildPhase section */
		A468154622D66BE200537D16 /* Sources */ = {
			isa = PBXSourcesBuildPhase;
			buildActionMask = 2147483647;
			files = (
				A499E96C24FC3DD000290B16 /* ArchiveTableViewCell.swift in Sources */,
				A4D0E03225058A6700B3B12D /* FileManager+Extensions.swift in Sources */,
				A4CCA8A1252DFB3C0035676E /* RecorderViewController.swift in Sources */,
				A419A3052533965C00BE5A1F /* MemoraButton.swift in Sources */,
				A46B35E2252F4DEA00B6ECCF /* RecorderViewModel.swift in Sources */,
				A40BE4F22523E0170013C09C /* ExternalURL.swift in Sources */,
				A4C49CC025240E0F0057507C /* MemoraNavigationViewController.swift in Sources */,
				A40BCDD224FB05BE002F53A0 /* InboxViewController.swift in Sources */,
				A4D0E030250587EB00B3B12D /* CoreDataStack.swift in Sources */,
				A47C3C2F251CF3D1001C3A55 /* DesignSystem.swift in Sources */,
				A4DB55B42524EA7E00C9A3B2 /* MemoraSlider.swift in Sources */,
				A4152CFD2530A0EA00556D3A /* RecordButtonShapeLayer.swift in Sources */,
				A40BCDC724FADF2C002F53A0 /* RootViewController.swift in Sources */,
				A453E261243E680D00D05C65 /* RecordingSessionSettings.swift in Sources */,
				A40BCDD024FB0272002F53A0 /* UIColor+Extensions.swift in Sources */,
				A468155622D66BE200537D16 /* shirkers_challenge.xcdatamodeld in Sources */,
				A419A3012533959600BE5A1F /* MemoraRecordButton.swift in Sources */,
				A499E96A24FC3D0200290B16 /* ArchiveViewController.swift in Sources */,
				A4DB55AE2524D76300C9A3B2 /* UIFont+Extensions.swift in Sources */,
				A468154E22D66BE200537D16 /* AppDelegate.swift in Sources */,
				A4D0E00C25056C1200B3B12D /* Recorder.swift in Sources */,
				A419A2FD253393DC00BE5A1F /* MemoraLabel.swift in Sources */,
				A4152CF925309EA500556D3A /* RecordButtonAnimation.swift in Sources */,
				A4D0E0342507B8A400B3B12D /* PlayerComponentViewController.swift in Sources */,
				A40BCDCE24FAF542002F53A0 /* RootPageViewController.swift in Sources */,
				A41B41B02534F4F200AC11EE /* Date+Extensions.swift in Sources */,
				A44AEA13251E9D6C00352E21 /* SettingsViewController.swift in Sources */,
				A4A241E3243FB50E0025DA3D /* OSLog+Extensions.swift in Sources */,
				A43A5DB8243F918000E6FBBB /* RecordingController.swift in Sources */,
				A41B41B42535018600AC11EE /* UserDefaultsAccess.swift in Sources */,
				A40BCDC924FADF54002F53A0 /* AutoLayoutPropertyWrapper.swift in Sources */,
				A4596AC22530CCBF00D1D034 /* MemoraTextField.swift in Sources */,
				A4F80E14252B55720098919E /* InboxCollectionView.swift in Sources */,
				A40BCDD524FC2C3B002F53A0 /* InboxCollectionViewCell.swift in Sources */,
				A4A241E5243FC1850025DA3D /* RecordingControllerError.swift in Sources */,
			);
			runOnlyForDeploymentPostprocessing = 0;
		};
		A4D0E01D2505706800B3B12D /* Sources */ = {
			isa = PBXSourcesBuildPhase;
			buildActionMask = 2147483647;
			files = (
				A4D0E0242505706900B3B12D /* shirkers_challengeTests.swift in Sources */,
			);
			runOnlyForDeploymentPostprocessing = 0;
		};
/* End PBXSourcesBuildPhase section */

/* Begin PBXTargetDependency section */
		A4D0E0272505706900B3B12D /* PBXTargetDependency */ = {
			isa = PBXTargetDependency;
			target = A468154922D66BE200537D16 /* shirkers-challenge */;
			targetProxy = A4D0E0262505706900B3B12D /* PBXContainerItemProxy */;
		};
/* End PBXTargetDependency section */

/* Begin PBXVariantGroup section */
		A41B41A1253491D100AC11EE /* Localizable.strings */ = {
			isa = PBXVariantGroup;
			children = (
				A41B41A0253491D100AC11EE /* en */,
				A41B41A82534929100AC11EE /* pt-BR */,
			);
			name = Localizable.strings;
			sourceTree = "<group>";
		};
		A468155922D66BE300537D16 /* LaunchScreen.storyboard */ = {
			isa = PBXVariantGroup;
			children = (
				A468155A22D66BE300537D16 /* Base */,
			);
			name = LaunchScreen.storyboard;
			sourceTree = "<group>";
		};
/* End PBXVariantGroup section */

/* Begin XCBuildConfiguration section */
		A468155D22D66BE300537D16 /* Debug */ = {
			isa = XCBuildConfiguration;
			buildSettings = {
				ALWAYS_SEARCH_USER_PATHS = NO;
				CLANG_ANALYZER_LOCALIZABILITY_NONLOCALIZED = YES;
				CLANG_ANALYZER_NONNULL = YES;
				CLANG_ANALYZER_NUMBER_OBJECT_CONVERSION = YES_AGGRESSIVE;
				CLANG_CXX_LANGUAGE_STANDARD = "gnu++14";
				CLANG_CXX_LIBRARY = "libc++";
				CLANG_ENABLE_MODULES = YES;
				CLANG_ENABLE_OBJC_ARC = YES;
				CLANG_ENABLE_OBJC_WEAK = YES;
				CLANG_WARN_BLOCK_CAPTURE_AUTORELEASING = YES;
				CLANG_WARN_BOOL_CONVERSION = YES;
				CLANG_WARN_COMMA = YES;
				CLANG_WARN_CONSTANT_CONVERSION = YES;
				CLANG_WARN_DEPRECATED_OBJC_IMPLEMENTATIONS = YES;
				CLANG_WARN_DIRECT_OBJC_ISA_USAGE = YES_ERROR;
				CLANG_WARN_DOCUMENTATION_COMMENTS = YES;
				CLANG_WARN_EMPTY_BODY = YES;
				CLANG_WARN_ENUM_CONVERSION = YES;
				CLANG_WARN_INFINITE_RECURSION = YES;
				CLANG_WARN_INT_CONVERSION = YES;
				CLANG_WARN_NON_LITERAL_NULL_CONVERSION = YES;
				CLANG_WARN_OBJC_IMPLICIT_RETAIN_SELF = YES;
				CLANG_WARN_OBJC_LITERAL_CONVERSION = YES;
				CLANG_WARN_OBJC_ROOT_CLASS = YES_ERROR;
				CLANG_WARN_QUOTED_INCLUDE_IN_FRAMEWORK_HEADER = YES;
				CLANG_WARN_RANGE_LOOP_ANALYSIS = YES;
				CLANG_WARN_STRICT_PROTOTYPES = YES;
				CLANG_WARN_SUSPICIOUS_MOVE = YES;
				CLANG_WARN_UNGUARDED_AVAILABILITY = YES_AGGRESSIVE;
				CLANG_WARN_UNREACHABLE_CODE = YES;
				CLANG_WARN__DUPLICATE_METHOD_MATCH = YES;
				CODE_SIGN_IDENTITY = "iPhone Developer";
				COPY_PHASE_STRIP = NO;
				DEBUG_INFORMATION_FORMAT = dwarf;
				ENABLE_STRICT_OBJC_MSGSEND = YES;
				ENABLE_TESTABILITY = YES;
				GCC_C_LANGUAGE_STANDARD = gnu11;
				GCC_DYNAMIC_NO_PIC = NO;
				GCC_NO_COMMON_BLOCKS = YES;
				GCC_OPTIMIZATION_LEVEL = 0;
				GCC_PREPROCESSOR_DEFINITIONS = (
					"DEBUG=1",
					"$(inherited)",
				);
				GCC_WARN_64_TO_32_BIT_CONVERSION = YES;
				GCC_WARN_ABOUT_RETURN_TYPE = YES_ERROR;
				GCC_WARN_UNDECLARED_SELECTOR = YES;
				GCC_WARN_UNINITIALIZED_AUTOS = YES_AGGRESSIVE;
				GCC_WARN_UNUSED_FUNCTION = YES;
				GCC_WARN_UNUSED_VARIABLE = YES;
				IPHONEOS_DEPLOYMENT_TARGET = 13.0;
				MTL_ENABLE_DEBUG_INFO = INCLUDE_SOURCE;
				MTL_FAST_MATH = YES;
				ONLY_ACTIVE_ARCH = YES;
				SDKROOT = iphoneos;
				SWIFT_ACTIVE_COMPILATION_CONDITIONS = DEBUG;
				SWIFT_OPTIMIZATION_LEVEL = "-Onone";
			};
			name = Debug;
		};
		A468155E22D66BE300537D16 /* Release */ = {
			isa = XCBuildConfiguration;
			buildSettings = {
				ALWAYS_SEARCH_USER_PATHS = NO;
				CLANG_ANALYZER_LOCALIZABILITY_NONLOCALIZED = YES;
				CLANG_ANALYZER_NONNULL = YES;
				CLANG_ANALYZER_NUMBER_OBJECT_CONVERSION = YES_AGGRESSIVE;
				CLANG_CXX_LANGUAGE_STANDARD = "gnu++14";
				CLANG_CXX_LIBRARY = "libc++";
				CLANG_ENABLE_MODULES = YES;
				CLANG_ENABLE_OBJC_ARC = YES;
				CLANG_ENABLE_OBJC_WEAK = YES;
				CLANG_WARN_BLOCK_CAPTURE_AUTORELEASING = YES;
				CLANG_WARN_BOOL_CONVERSION = YES;
				CLANG_WARN_COMMA = YES;
				CLANG_WARN_CONSTANT_CONVERSION = YES;
				CLANG_WARN_DEPRECATED_OBJC_IMPLEMENTATIONS = YES;
				CLANG_WARN_DIRECT_OBJC_ISA_USAGE = YES_ERROR;
				CLANG_WARN_DOCUMENTATION_COMMENTS = YES;
				CLANG_WARN_EMPTY_BODY = YES;
				CLANG_WARN_ENUM_CONVERSION = YES;
				CLANG_WARN_INFINITE_RECURSION = YES;
				CLANG_WARN_INT_CONVERSION = YES;
				CLANG_WARN_NON_LITERAL_NULL_CONVERSION = YES;
				CLANG_WARN_OBJC_IMPLICIT_RETAIN_SELF = YES;
				CLANG_WARN_OBJC_LITERAL_CONVERSION = YES;
				CLANG_WARN_OBJC_ROOT_CLASS = YES_ERROR;
				CLANG_WARN_QUOTED_INCLUDE_IN_FRAMEWORK_HEADER = YES;
				CLANG_WARN_RANGE_LOOP_ANALYSIS = YES;
				CLANG_WARN_STRICT_PROTOTYPES = YES;
				CLANG_WARN_SUSPICIOUS_MOVE = YES;
				CLANG_WARN_UNGUARDED_AVAILABILITY = YES_AGGRESSIVE;
				CLANG_WARN_UNREACHABLE_CODE = YES;
				CLANG_WARN__DUPLICATE_METHOD_MATCH = YES;
				CODE_SIGN_IDENTITY = "iPhone Developer";
				COPY_PHASE_STRIP = NO;
				DEBUG_INFORMATION_FORMAT = "dwarf-with-dsym";
				ENABLE_NS_ASSERTIONS = NO;
				ENABLE_STRICT_OBJC_MSGSEND = YES;
				GCC_C_LANGUAGE_STANDARD = gnu11;
				GCC_NO_COMMON_BLOCKS = YES;
				GCC_WARN_64_TO_32_BIT_CONVERSION = YES;
				GCC_WARN_ABOUT_RETURN_TYPE = YES_ERROR;
				GCC_WARN_UNDECLARED_SELECTOR = YES;
				GCC_WARN_UNINITIALIZED_AUTOS = YES_AGGRESSIVE;
				GCC_WARN_UNUSED_FUNCTION = YES;
				GCC_WARN_UNUSED_VARIABLE = YES;
				IPHONEOS_DEPLOYMENT_TARGET = 13.0;
				MTL_ENABLE_DEBUG_INFO = NO;
				MTL_FAST_MATH = YES;
				SDKROOT = iphoneos;
				SWIFT_COMPILATION_MODE = wholemodule;
				SWIFT_OPTIMIZATION_LEVEL = "-O";
				VALIDATE_PRODUCT = YES;
			};
			name = Release;
		};
		A468156022D66BE300537D16 /* Debug */ = {
			isa = XCBuildConfiguration;
			buildSettings = {
				ASSETCATALOG_COMPILER_APPICON_NAME = AppIcon;
				CODE_SIGN_STYLE = Automatic;
				CURRENT_PROJECT_VERSION = 7;
				DEVELOPMENT_TEAM = L76X5KFZD9;
				INFOPLIST_FILE = "shirkers-challenge/Resources/Info.plist";
				IPHONEOS_DEPLOYMENT_TARGET = 13.0;
				LD_RUNPATH_SEARCH_PATHS = (
					"$(inherited)",
					"@executable_path/Frameworks",
				);
				PRODUCT_BUNDLE_IDENTIFIER = "com.example.shirkers-challenge";
				PRODUCT_NAME = "$(TARGET_NAME)";
				SWIFT_VERSION = 5.0;
				TARGETED_DEVICE_FAMILY = 1;
			};
			name = Debug;
		};
		A468156122D66BE300537D16 /* Release */ = {
			isa = XCBuildConfiguration;
			buildSettings = {
				ASSETCATALOG_COMPILER_APPICON_NAME = AppIcon;
				CODE_SIGN_STYLE = Automatic;
				CURRENT_PROJECT_VERSION = 7;
				DEVELOPMENT_TEAM = L76X5KFZD9;
				INFOPLIST_FILE = "shirkers-challenge/Resources/Info.plist";
				IPHONEOS_DEPLOYMENT_TARGET = 13.0;
				LD_RUNPATH_SEARCH_PATHS = (
					"$(inherited)",
					"@executable_path/Frameworks",
				);
				PRODUCT_BUNDLE_IDENTIFIER = "com.example.shirkers-challenge";
				PRODUCT_NAME = "$(TARGET_NAME)";
				SWIFT_VERSION = 5.0;
				TARGETED_DEVICE_FAMILY = 1;
			};
			name = Release;
		};
		A4D0E0292505706900B3B12D /* Debug */ = {
			isa = XCBuildConfiguration;
			buildSettings = {
				BUNDLE_LOADER = "$(TEST_HOST)";
				CODE_SIGN_STYLE = Automatic;
				DEVELOPMENT_TEAM = L76X5KFZD9;
				INFOPLIST_FILE = "shirkers-challengeTests/Info.plist";
				IPHONEOS_DEPLOYMENT_TARGET = 13.5;
				LD_RUNPATH_SEARCH_PATHS = (
					"$(inherited)",
					"@executable_path/Frameworks",
					"@loader_path/Frameworks",
				);
				PRODUCT_BUNDLE_IDENTIFIER = "com.example.shirkers-challengeTests";
				PRODUCT_NAME = "$(TARGET_NAME)";
				SWIFT_VERSION = 5.0;
				TARGETED_DEVICE_FAMILY = "1,2";
				TEST_HOST = "$(BUILT_PRODUCTS_DIR)/shirkers-challenge.app/shirkers-challenge";
			};
			name = Debug;
		};
		A4D0E02A2505706900B3B12D /* Release */ = {
			isa = XCBuildConfiguration;
			buildSettings = {
				BUNDLE_LOADER = "$(TEST_HOST)";
				CODE_SIGN_STYLE = Automatic;
				DEVELOPMENT_TEAM = L76X5KFZD9;
				INFOPLIST_FILE = "shirkers-challengeTests/Info.plist";
				IPHONEOS_DEPLOYMENT_TARGET = 13.5;
				LD_RUNPATH_SEARCH_PATHS = (
					"$(inherited)",
					"@executable_path/Frameworks",
					"@loader_path/Frameworks",
				);
				PRODUCT_BUNDLE_IDENTIFIER = "com.example.shirkers-challengeTests";
				PRODUCT_NAME = "$(TARGET_NAME)";
				SWIFT_VERSION = 5.0;
				TARGETED_DEVICE_FAMILY = "1,2";
				TEST_HOST = "$(BUILT_PRODUCTS_DIR)/shirkers-challenge.app/shirkers-challenge";
			};
			name = Release;
		};
/* End XCBuildConfiguration section */

/* Begin XCConfigurationList section */
		A468154522D66BE200537D16 /* Build configuration list for PBXProject "shirkers-challenge" */ = {
			isa = XCConfigurationList;
			buildConfigurations = (
				A468155D22D66BE300537D16 /* Debug */,
				A468155E22D66BE300537D16 /* Release */,
			);
			defaultConfigurationIsVisible = 0;
			defaultConfigurationName = Release;
		};
		A468155F22D66BE300537D16 /* Build configuration list for PBXNativeTarget "shirkers-challenge" */ = {
			isa = XCConfigurationList;
			buildConfigurations = (
				A468156022D66BE300537D16 /* Debug */,
				A468156122D66BE300537D16 /* Release */,
			);
			defaultConfigurationIsVisible = 0;
			defaultConfigurationName = Release;
		};
		A4D0E0282505706900B3B12D /* Build configuration list for PBXNativeTarget "shirkers-challengeTests" */ = {
			isa = XCConfigurationList;
			buildConfigurations = (
				A4D0E0292505706900B3B12D /* Debug */,
				A4D0E02A2505706900B3B12D /* Release */,
			);
			defaultConfigurationIsVisible = 0;
			defaultConfigurationName = Release;
		};
/* End XCConfigurationList section */

/* Begin XCVersionGroup section */
		A468155422D66BE200537D16 /* shirkers_challenge.xcdatamodeld */ = {
			isa = XCVersionGroup;
			children = (
				A468155522D66BE200537D16 /* shirkers_challenge.xcdatamodel */,
			);
			currentVersion = A468155522D66BE200537D16 /* shirkers_challenge.xcdatamodel */;
			path = shirkers_challenge.xcdatamodeld;
			sourceTree = "<group>";
			versionGroupType = wrapper.xcdatamodel;
		};
/* End XCVersionGroup section */
	};
	rootObject = A468154222D66BE200537D16 /* Project object */;
}
